
Microsoft Visual Studio Solution File, Format Version 12.00
# Visual Studio Version 17
VisualStudioVersion = 17.11.35431.28
MinimumVisualStudioVersion = 10.0.40219.1
Project("{FAE04EC0-301F-11D3-BF4B-00C04F79EFBC}") = "Tanks", "Tanks.csproj", "{343D3D2D-30E0-4B85-86A0-970AC0D4167B}"
EndProject
Global
	GlobalSection(SolutionConfigurationPlatforms) = preSolution
		Debug|Any CPU = Debug|Any CPU
		Release|Any CPU = Release|Any CPU
	EndGlobalSection
	GlobalSection(ProjectConfigurationPlatforms) = postSolution
		{343D3D2D-30E0-4B85-86A0-970AC0D4167B}.Debug|Any CPU.ActiveCfg = Debug|Any CPU
		{343D3D2D-30E0-4B85-86A0-970AC0D4167B}.Debug|Any CPU.Build.0 = Debug|Any CPU
		{343D3D2D-30E0-4B85-86A0-970AC0D4167B}.Release|Any CPU.ActiveCfg = Release|Any CPU
		{343D3D2D-30E0-4B85-86A0-970AC0D4167B}.Release|Any CPU.Build.0 = Release|Any CPU
	EndGlobalSection
	GlobalSection(SolutionProperties) = preSolution
		HideSolutionNode = FALSE
	EndGlobalSection
	GlobalSection(ExtensibilityGlobals) = postSolution
		SolutionGuid = {BA0D7A47-47CD-462F-8EF6-29FBD653A0FE}
	EndGlobalSection
EndGlobal
